lockfileVersion: '9.0'

settings:
  autoInstallPeers: true
  excludeLinksFromLockfile: false

importers:

  .:
    dependencies:
      '@paper-design/shaders-react':
        specifier: ^0.0.81
        version: 0.0.81(react@19.3.0)

packages:

  '@paper-design/shaders-react@0.0.81':
    resolution: {integrity: sha512-3FMkeZqj9sSvK/WkgekGu3crnOQd4R2iH8IT+jVBuQmq1m8p88VFvxh63s9bSt2exBwjBNaRfSo0FSCeNxqh3w==}
    peerDependencies:
      '@types/react': ^18 || ^19
      react: ^18 || ^19
    peerDependenciesMeta:
      '@types/react':
        optional: true

  '@paper-design/shaders@0.0.81':
    resolution: {integrity: sha512-jeGdyjMscZ2bxmQdo8lhwUufHUf4iq3s1ayjh8PXU7Go42Rw8E3I0It1FZdc3HuWt5J82m//DRWaxsRqRfA4Gg==}

  react@19.3.0:
    resolution: {integrity: sha512-E8LUcbtBWt20bbl2YoHfx4ZDBdxVTfOKtCZn9cDSJ4l6/nuoApcpIBcj47t2wZoVX8g2ZHuMHbiShgCR1T5Sog==}
    engines: {node: '>=0.10.0'}

snapshots:

  '@paper-design/shaders-react@0.0.81(react@19.3.0)':
    dependencies:
      '@paper-design/shaders': 0.0.81
      react: 19.3.0

  '@paper-design/shaders@0.0.81': {}

  react@19.3.0: {}
